
Microsoft Visual Studio Solution File, Format Version 12.00
# Visual Studio 14
VisualStudioVersion = 14.0.25420.1
MinimumVisualStudioVersion = 10.0.40219.1
Project("{FAE04EC0-301F-11D3-BF4B-00C04F79EFBC}") = "Terbilang", "Terbilang\Terbilang.csproj", "{E5F94B33-557F-4186-A946-C0F21EA1F969}"
EndProject
Project("{FAE04EC0-301F-11D3-BF4B-00C04F79EFBC}") = "ClassLibrary", "ClassLibrary\ClassLibrary.csproj", "{ABE77B2A-96D0-477D-A196-C2DFB6EB2697}"
EndProject
Global
	GlobalSection(SolutionConfigurationPlatforms) = preSolution
		Debug|Any CPU = Debug|Any CPU
		Release|Any CPU = Release|Any CPU
	EndGlobalSection
	GlobalSection(ProjectConfigurationPlatforms) = postSolution
		{E5F94B33-557F-4186-A946-C0F21EA1F969}.Debug|Any CPU.ActiveCfg = Debug|Any CPU
		{E5F94B33-557F-4186-A946-C0F21EA1F969}.Debug|Any CPU.Build.0 = Debug|Any CPU
		{E5F94B33-557F-4186-A946-C0F21EA1F969}.Release|Any CPU.ActiveCfg = Release|Any CPU
		{E5F94B33-557F-4186-A946-C0F21EA1F969}.Release|Any CPU.Build.0 = Release|Any CPU
		{ABE77B2A-96D0-477D-A196-C2DFB6EB2697}.Debug|Any CPU.ActiveCfg = Debug|Any CPU
		{ABE77B2A-96D0-477D-A196-C2DFB6EB2697}.Debug|Any CPU.Build.0 = Debug|Any CPU
		{ABE77B2A-96D0-477D-A196-C2DFB6EB2697}.Release|Any CPU.ActiveCfg = Release|Any CPU
		{ABE77B2A-96D0-477D-A196-C2DFB6EB2697}.Release|Any CPU.Build.0 = Release|Any CPU
	EndGlobalSection
	GlobalSection(SolutionProperties) = preSolution
		HideSolutionNode = FALSE
	EndGlobalSection
EndGlobal
